// !$*UTF8*$!
{
	archiveVersion = 1;
	classes = {
	};
	objectVersion = 46;
	objects = {

/* Begin PBXBuildFile section */
		091129151FB9AA970006CF17 /* Default-568.png in Resources */ = {isa = PBXBuildFile; fileRef = 091129141FB9AA970006CF17 /* Default-568.png */; };
		091A70CC1F40120D00A22F8E /* NSDate+Function.m in Sources */ = {isa = PBXBuildFile; fileRef = 091A70CB1F40120D00A22F8E /* NSDate+Function.m */; };
		091A70CF1F41A9F800A22F8E /* Localizable.strings in Resources */ = {isa = PBXBuildFile; fileRef = 091A70D11F41A9F800A22F8E /* Localizable.strings */; };
		091A70D91F42244F00A22F8E /* BaseViewController.m in Sources */ = {isa = PBXBuildFile; fileRef = 091A70D81F42244F00A22F8E /* BaseViewController.m */; };
		0924A46B1F347C8A0059CBAB /* UITabBarEx.m in Sources */ = {isa = PBXBuildFile; fileRef = 0924A46A1F347C8A0059CBAB /* UITabBarEx.m */; };
		0924A46E1F3483DE0059CBAB /* UITabBarItemEx.m in Sources */ = {isa = PBXBuildFile; fileRef = 0924A46D1F3483DE0059CBAB /* UITabBarItemEx.m */; };
		0924A4711F3563970059CBAB /* UITabbarBGView.m in Sources */ = {isa = PBXBuildFile; fileRef = 0924A4701F3563970059CBAB /* UITabbarBGView.m */; };
		092DF0BB1F4D8C7B0003932B /* UINavigationBarEx.m in Sources */ = {isa = PBXBuildFile; fileRef = 092DF0BA1F4D8C7B0003932B /* UINavigationBarEx.m */; };
		092DF0BE1F4DCA970003932B /* UINavigationControllerEx.m in Sources */ = {isa = PBXBuildFile; fileRef = 092DF0BD1F4DCA970003932B /* UINavigationControllerEx.m */; };
		092DF0C71F56A4020003932B /* EventDetailViewController.m in Sources */ = {isa = PBXBuildFile; fileRef = 092DF0C61F56A4020003932B /* EventDetailViewController.m */; };
		092DF0CA1F56AB7E0003932B /* EventViewController.m in Sources */ = {isa = PBXBuildFile; fileRef = 092DF0C91F56AB7E0003932B /* EventViewController.m */; };
		092DF0CD1F57B5AA0003932B /* UITextViewEx.m in Sources */ = {isa = PBXBuildFile; fileRef = 092DF0CC1F57B5AA0003932B /* UITextViewEx.m */; };
		092DF0D01F59565C0003932B /* UIDatePickerView.m in Sources */ = {isa = PBXBuildFile; fileRef = 092DF0CF1F59565C0003932B /* UIDatePickerView.m */; };
		0931D6771F3316A40087550D /* main.m in Sources */ = {isa = PBXBuildFile; fileRef = 0931D6761F3316A40087550D /* main.m */; };
		0931D67A1F3316A40087550D /* AppDelegate.m in Sources */ = {isa = PBXBuildFile; fileRef = 0931D6791F3316A40087550D /* AppDelegate.m */; };
		0931D67D1F3316A40087550D /* BirthdayViewController.m in Sources */ = {isa = PBXBuildFile; fileRef = 0931D67C1F3316A40087550D /* BirthdayViewController.m */; };
		0931D6801F3316A40087550D /* AnniversaryViewController.m in Sources */ = {isa = PBXBuildFile; fileRef = 0931D67F1F3316A40087550D /* AnniversaryViewController.m */; };
		0931D6831F3316A40087550D /* Main.storyboard in Resources */ = {isa = PBXBuildFile; fileRef = 0931D6811F3316A40087550D /* Main.storyboard */; };
		0931D6851F3316A40087550D /* Assets.xcassets in Resources */ = {isa = PBXBuildFile; fileRef = 0931D6841F3316A40087550D /* Assets.xcassets */; };
		0931D6881F3316A40087550D /* LaunchScreen.storyboard in Resources */ = {isa = PBXBuildFile; fileRef = 0931D6861F3316A40087550D /* LaunchScreen.storyboard */; };
		0991A8781F88879900785EFE /* UIBackgroundView.m in Sources */ = {isa = PBXBuildFile; fileRef = 0991A8771F88879900785EFE /* UIBackgroundView.m */; };
		09AF35421F975D4C00C13D01 /* CloudKit.framework in Frameworks */ = {isa = PBXBuildFile; fileRef = 09AF35411F975D4C00C13D01 /* CloudKit.framework */; };
		09C894541F384E43009CEC57 /* UITabBarControllerEx.m in Sources */ = {isa = PBXBuildFile; fileRef = 09C894531F384E43009CEC57 /* UITabBarControllerEx.m */; };
		09EFB8AC1F3B0F6B00B87693 /* UITableViewControllerEx.m in Sources */ = {isa = PBXBuildFile; fileRef = 09EFB8AB1F3B0F6B00B87693 /* UITableViewControllerEx.m */; };
		09EFB8AF1F3B133900B87693 /* UITableCellView.m in Sources */ = {isa = PBXBuildFile; fileRef = 09EFB8AE1F3B133900B87693 /* UITableCellView.m */; };
		09EFB8B21F3B13E600B87693 /* ReminderData.m in Sources */ = {isa = PBXBuildFile; fileRef = 09EFB8B11F3B13E600B87693 /* ReminderData.m */; };
		09EFB8B61F3B534500B87693 /* SWCellItem.m in Sources */ = {isa = PBXBuildFile; fileRef = 09EFB8B51F3B534500B87693 /* SWCellItem.m */; };
		09EFB8B91F3B55AD00B87693 /* SWBirthCellItem.m in Sources */ = {isa = PBXBuildFile; fileRef = 09EFB8B81F3B55AD00B87693 /* SWBirthCellItem.m */; };
		09EFB8BC1F3B571E00B87693 /* SWEventCellItem.m in Sources */ = {isa = PBXBuildFile; fileRef = 09EFB8BB1F3B571E00B87693 /* SWEventCellItem.m */; };
		09EFB8BF1F3B579D00B87693 /* SWAnniversaryCellItem.m in Sources */ = {isa = PBXBuildFile; fileRef = 09EFB8BE1F3B579D00B87693 /* SWAnniversaryCellItem.m */; };
		09EFB8C21F3C16A300B87693 /* Contacts.framework in Frameworks */ = {isa = PBXBuildFile; fileRef = 09EFB8C11F3C16A300B87693 /* Contacts.framework */; };
		09FFA5941F42DF09001490AF /* AllItemViewController.m in Sources */ = {isa = PBXBuildFile; fileRef = 09FFA5931F42DF09001490AF /* AllItemViewController.m */; };
		09FFA5981F42F155001490AF /* ContactsUI.framework in Frameworks */ = {isa = PBXBuildFile; fileRef = 09FFA5971F42F155001490AF /* ContactsUI.framework */; };
		09FFA59C1F444216001490AF /* UITableViewCellEx.m in Sources */ = {isa = PBXBuildFile; fileRef = 09FFA59B1F444216001490AF /* UITableViewCellEx.m */; };
/* End PBXBuildFile section */

/* Begin PBXFileReference section */
		091129141FB9AA970006CF17 /* Default-568.png */ = {isa = PBXFileReference; lastKnownFileType = image.png; path = "Default-568.png"; sourceTree = "<group>"; };
		091A70CA1F40120D00A22F8E /* NSDate+Function.h */ = {isa = PBXFileReference; fileEncoding = 4; lastKnownFileType = sourcecode.c.h; path = "NSDate+Function.h"; sourceTree = "<group>"; };
		091A70CB1F40120D00A22F8E /* NSDate+Function.m */ = {isa = PBXFileReference; fileEncoding = 4; lastKnownFileType = sourcecode.c.objc; path = "NSDate+Function.m"; sourceTree = "<group>"; };
		091A70D01F41A9F800A22F8E /* Base */ = {isa = PBXFileReference; lastKnownFileType = text.plist.strings; name = Base; path = Base.lproj/Localizable.strings; sourceTree = "<group>"; };
		091A70D61F41AAD100A22F8E /* zh-Hans */ = {isa = PBXFileReference; lastKnownFileType = text.plist.strings; name = "zh-Hans"; path = "zh-Hans.lproj/Localizable.strings"; sourceTree = "<group>"; };
		091A70D71F42244F00A22F8E /* BaseViewController.h */ = {isa = PBXFileReference; fileEncoding = 4; lastKnownFileType = sourcecode.c.h; path = BaseViewController.h; sourceTree = "<group>"; };
		091A70D81F42244F00A22F8E /* BaseViewController.m */ = {isa = PBXFileReference; fileEncoding = 4; lastKnownFileType = sourcecode.c.objc; path = BaseViewController.m; sourceTree = "<group>"; };
		0924A4691F347C8A0059CBAB /* UITabBarEx.h */ = {isa = PBXFileReference; fileEncoding = 4; lastKnownFileType = sourcecode.c.h; path = UITabBarEx.h; sourceTree = "<group>"; };
		0924A46A1F347C8A0059CBAB /* UITabBarEx.m */ = {isa = PBXFileReference; fileEncoding = 4; lastKnownFileType = sourcecode.c.objc; path = UITabBarEx.m; sourceTree = "<group>"; };
		0924A46C1F3483DE0059CBAB /* UITabBarItemEx.h */ = {isa = PBXFileReference; fileEncoding = 4; lastKnownFileType = sourcecode.c.h; path = UITabBarItemEx.h; sourceTree = "<group>"; };
		0924A46D1F3483DE0059CBAB /* UITabBarItemEx.m */ = {isa = PBXFileReference; fileEncoding = 4; lastKnownFileType = sourcecode.c.objc; path = UITabBarItemEx.m; sourceTree = "<group>"; };
		0924A46F1F3563970059CBAB /* UITabbarBGView.h */ = {isa = PBXFileReference; fileEncoding = 4; lastKnownFileType = sourcecode.c.h; path = UITabbarBGView.h; sourceTree = "<group>"; };
		0924A4701F3563970059CBAB /* UITabbarBGView.m */ = {isa = PBXFileReference; fileEncoding = 4; lastKnownFileType = sourcecode.c.objc; path = UITabbarBGView.m; sourceTree = "<group>"; };
		092DF0B91F4D8C7B0003932B /* UINavigationBarEx.h */ = {isa = PBXFileReference; fileEncoding = 4; lastKnownFileType = sourcecode.c.h; path = UINavigationBarEx.h; sourceTree = "<group>"; };
		092DF0BA1F4D8C7B0003932B /* UINavigationBarEx.m */ = {isa = PBXFileReference; fileEncoding = 4; lastKnownFileType = sourcecode.c.objc; path = UINavigationBarEx.m; sourceTree = "<group>"; };
		092DF0BC1F4DCA970003932B /* UINavigationControllerEx.h */ = {isa = PBXFileReference; fileEncoding = 4; lastKnownFileType = sourcecode.c.h; path = UINavigationControllerEx.h; sourceTree = "<group>"; };
		092DF0BD1F4DCA970003932B /* UINavigationControllerEx.m */ = {isa = PBXFileReference; fileEncoding = 4; lastKnownFileType = sourcecode.c.objc; path = UINavigationControllerEx.m; sourceTree = "<group>"; };
		092DF0C51F56A4020003932B /* EventDetailViewController.h */ = {isa = PBXFileReference; fileEncoding = 4; lastKnownFileType = sourcecode.c.h; path = EventDetailViewController.h; sourceTree = "<group>"; };
		092DF0C61F56A4020003932B /* EventDetailViewController.m */ = {isa = PBXFileReference; fileEncoding = 4; lastKnownFileType = sourcecode.c.objc; path = EventDetailViewController.m; sourceTree = "<group>"; };
		092DF0C81F56AB7E0003932B /* EventViewController.h */ = {isa = PBXFileReference; fileEncoding = 4; lastKnownFileType = sourcecode.c.h; path = EventViewController.h; sourceTree = "<group>"; };
		092DF0C91F56AB7E0003932B /* EventViewController.m */ = {isa = PBXFileReference; fileEncoding = 4; lastKnownFileType = sourcecode.c.objc; path = EventViewController.m; sourceTree = "<group>"; };
		092DF0CB1F57B5AA0003932B /* UITextViewEx.h */ = {isa = PBXFileReference; fileEncoding = 4; lastKnownFileType = sourcecode.c.h; path = UITextViewEx.h; sourceTree = "<group>"; };
		092DF0CC1F57B5AA0003932B /* UITextViewEx.m */ = {isa = PBXFileReference; fileEncoding = 4; lastKnownFileType = sourcecode.c.objc; path = UITextViewEx.m; sourceTree = "<group>"; };
		092DF0CE1F59565C0003932B /* UIDatePickerView.h */ = {isa = PBXFileReference; fileEncoding = 4; lastKnownFileType = sourcecode.c.h; path = UIDatePickerView.h; sourceTree = "<group>"; };
		092DF0CF1F59565C0003932B /* UIDatePickerView.m */ = {isa = PBXFileReference; fileEncoding = 4; lastKnownFileType = sourcecode.c.objc; path = UIDatePickerView.m; sourceTree = "<group>"; };
		0931D6721F3316A40087550D /* Your Reminder.app */ = {isa = PBXFileReference; explicitFileType = wrapper.application; includeInIndex = 0; path = "Your Reminder.app"; sourceTree = BUILT_PRODUCTS_DIR; };
		0931D6761F3316A40087550D /* main.m */ = {isa = PBXFileReference; lastKnownFileType = sourcecode.c.objc; path = main.m; sourceTree = "<group>"; };
		0931D6781F3316A40087550D /* AppDelegate.h */ = {isa = PBXFileReference; lastKnownFileType = sourcecode.c.h; path = AppDelegate.h; sourceTree = "<group>"; };
		0931D6791F3316A40087550D /* AppDelegate.m */ = {isa = PBXFileReference; lastKnownFileType = sourcecode.c.objc; path = AppDelegate.m; sourceTree = "<group>"; };
		0931D67B1F3316A40087550D /* BirthdayViewController.h */ = {isa = PBXFileReference; lastKnownFileType = sourcecode.c.h; path = BirthdayViewController.h; sourceTree = "<group>"; };
		0931D67C1F3316A40087550D /* BirthdayViewController.m */ = {isa = PBXFileReference; lastKnownFileType = sourcecode.c.objc; path = BirthdayViewController.m; sourceTree = "<group>"; };
		0931D67E1F3316A40087550D /* AnniversaryViewController.h */ = {isa = PBXFileReference; lastKnownFileType = sourcecode.c.h; path = AnniversaryViewController.h; sourceTree = "<group>"; };
		0931D67F1F3316A40087550D /* AnniversaryViewController.m */ = {isa = PBXFileReference; lastKnownFileType = sourcecode.c.objc; path = AnniversaryViewController.m; sourceTree = "<group>"; };
		0931D6821F3316A40087550D /* Base */ = {isa = PBXFileReference; lastKnownFileType = file.storyboard; name = Base; path = Base.lproj/Main.storyboard; sourceTree = "<group>"; };
		0931D6841F3316A40087550D /* Assets.xcassets */ = {isa = PBXFileReference; lastKnownFileType = folder.assetcatalog; name = Assets.xcassets; path = Reminder/Assets.xcassets; sourceTree = "<group>"; };
		0931D6871F3316A40087550D /* Base */ = {isa = PBXFileReference; lastKnownFileType = file.storyboard; name = Base; path = Base.lproj/LaunchScreen.storyboard; sourceTree = "<group>"; };
		0931D6891F3316A40087550D /* Info.plist */ = {isa = PBXFileReference; lastKnownFileType = text.plist.xml; name = Info.plist; path = Reminder/Info.plist; sourceTree = "<group>"; };
		0961130A1F7CDD61001B1409 /* UserNotifications.framework */ = {isa = PBXFileReference; lastKnownFileType = wrapper.framework; name = UserNotifications.framework; path = System/Library/Frameworks/UserNotifications.framework; sourceTree = SDKROOT; };
		0991A8761F88879900785EFE /* UIBackgroundView.h */ = {isa = PBXFileReference; lastKnownFileType = sourcecode.c.h; path = UIBackgroundView.h; sourceTree = "<group>"; };
		0991A8771F88879900785EFE /* UIBackgroundView.m */ = {isa = PBXFileReference; lastKnownFileType = sourcecode.c.objc; path = UIBackgroundView.m; sourceTree = "<group>"; };
		09AF35411F975D4C00C13D01 /* CloudKit.framework */ = {isa = PBXFileReference; lastKnownFileType = wrapper.framework; name = CloudKit.framework; path = System/Library/Frameworks/CloudKit.framework; sourceTree = SDKROOT; };
		09B15FDE1F6BCF4C00864CC6 /* Reminder.entitlements */ = {isa = PBXFileReference; lastKnownFileType = text.plist.entitlements; path = Reminder.entitlements; sourceTree = "<group>"; };
		09C894521F384E43009CEC57 /* UITabBarControllerEx.h */ = {isa = PBXFileReference; fileEncoding = 4; lastKnownFileType = sourcecode.c.h; path = UITabBarControllerEx.h; sourceTree = "<group>"; };
		09C894531F384E43009CEC57 /* UITabBarControllerEx.m */ = {isa = PBXFileReference; fileEncoding = 4; lastKnownFileType = sourcecode.c.objc; path = UITabBarControllerEx.m; sourceTree = "<group>"; };
		09EFB8A81F3A1CCF00B87693 /* zh-Hans */ = {isa = PBXFileReference; lastKnownFileType = text.plist.strings; name = "zh-Hans"; path = "zh-Hans.lproj/Main.strings"; sourceTree = "<group>"; };
		09EFB8A91F3A1CCF00B87693 /* zh-Hans */ = {isa = PBXFileReference; lastKnownFileType = text.plist.strings; name = "zh-Hans"; path = "zh-Hans.lproj/LaunchScreen.strings"; sourceTree = "<group>"; };
		09EFB8AA1F3B0F6B00B87693 /* UITableViewControllerEx.h */ = {isa = PBXFileReference; fileEncoding = 4; lastKnownFileType = sourcecode.c.h; path = UITableViewControllerEx.h; sourceTree = "<group>"; };
		09EFB8AB1F3B0F6B00B87693 /* UITableViewControllerEx.m */ = {isa = PBXFileReference; fileEncoding = 4; lastKnownFileType = sourcecode.c.objc; path = UITableViewControllerEx.m; sourceTree = "<group>"; };
		09EFB8AD1F3B133900B87693 /* UITableCellView.h */ = {isa = PBXFileReference; fileEncoding = 4; lastKnownFileType = sourcecode.c.h; path = UITableCellView.h; sourceTree = "<group>"; };
		09EFB8AE1F3B133900B87693 /* UITableCellView.m */ = {isa = PBXFileReference; fileEncoding = 4; lastKnownFileType = sourcecode.c.objc; path = UITableCellView.m; sourceTree = "<group>"; };
		09EFB8B01F3B13E600B87693 /* ReminderData.h */ = {isa = PBXFileReference; fileEncoding = 4; lastKnownFileType = sourcecode.c.h; path = ReminderData.h; sourceTree = "<group>"; };
		09EFB8B11F3B13E600B87693 /* ReminderData.m */ = {isa = PBXFileReference; fileEncoding = 4; lastKnownFileType = sourcecode.c.objc; path = ReminderData.m; sourceTree = "<group>"; };
		09EFB8B41F3B534500B87693 /* SWCellItem.h */ = {isa = PBXFileReference; fileEncoding = 4; lastKnownFileType = sourcecode.c.h; path = SWCellItem.h; sourceTree = "<group>"; };
		09EFB8B51F3B534500B87693 /* SWCellItem.m */ = {isa = PBXFileReference; fileEncoding = 4; lastKnownFileType = sourcecode.c.objc; path = SWCellItem.m; sourceTree = "<group>"; };
		09EFB8B71F3B55AD00B87693 /* SWBirthCellItem.h */ = {isa = PBXFileReference; fileEncoding = 4; lastKnownFileType = sourcecode.c.h; path = SWBirthCellItem.h; sourceTree = "<group>"; };
		09EFB8B81F3B55AD00B87693 /* SWBirthCellItem.m */ = {isa = PBXFileReference; fileEncoding = 4; lastKnownFileType = sourcecode.c.objc; path = SWBirthCellItem.m; sourceTree = "<group>"; };
		09EFB8BA1F3B571E00B87693 /* SWEventCellItem.h */ = {isa = PBXFileReference; fileEncoding = 4; lastKnownFileType = sourcecode.c.h; path = SWEventCellItem.h; sourceTree = "<group>"; };
		09EFB8BB1F3B571E00B87693 /* SWEventCellItem.m */ = {isa = PBXFileReference; fileEncoding = 4; lastKnownFileType = sourcecode.c.objc; path = SWEventCellItem.m; sourceTree = "<group>"; };
		09EFB8BD1F3B579D00B87693 /* SWAnniversaryCellItem.h */ = {isa = PBXFileReference; fileEncoding = 4; lastKnownFileType = sourcecode.c.h; path = SWAnniversaryCellItem.h; sourceTree = "<group>"; };
		09EFB8BE1F3B579D00B87693 /* SWAnniversaryCellItem.m */ = {isa = PBXFileReference; fileEncoding = 4; lastKnownFileType = sourcecode.c.objc; path = SWAnniversaryCellItem.m; sourceTree = "<group>"; };
		09EFB8C11F3C16A300B87693 /* Contacts.framework */ = {isa = PBXFileReference; lastKnownFileType = wrapper.framework; name = Contacts.framework; path = System/Library/Frameworks/Contacts.framework; sourceTree = SDKROOT; };
		09FFA5921F42DF08001490AF /* AllItemViewController.h */ = {isa = PBXFileReference; fileEncoding = 4; lastKnownFileType = sourcecode.c.h; path = AllItemViewController.h; sourceTree = "<group>"; };
		09FFA5931F42DF09001490AF /* AllItemViewController.m */ = {isa = PBXFileReference; fileEncoding = 4; lastKnownFileType = sourcecode.c.objc; path = AllItemViewController.m; sourceTree = "<group>"; };
		09FFA5971F42F155001490AF /* ContactsUI.framework */ = {isa = PBXFileReference; lastKnownFileType = wrapper.framework; name = ContactsUI.framework; path = System/Library/Frameworks/ContactsUI.framework; sourceTree = SDKROOT; };
		09FFA5991F44291A001490AF /* AppConst.h */ = {isa = PBXFileReference; fileEncoding = 4; lastKnownFileType = sourcecode.c.h; path = AppConst.h; sourceTree = "<group>"; };
		09FFA59A1F444216001490AF /* UITableViewCellEx.h */ = {isa = PBXFileReference; fileEncoding = 4; lastKnownFileType = sourcecode.c.h; path = UITableViewCellEx.h; sourceTree = "<group>"; };
		09FFA59B1F444216001490AF /* UITableViewCellEx.m */ = {isa = PBXFileReference; fileEncoding = 4; lastKnownFileType = sourcecode.c.objc; path = UITableViewCellEx.m; sourceTree = "<group>"; };
/* End PBXFileReference section */

/* Begin PBXFrameworksBuildPhase section */
		0931D66F1F3316A40087550D /* Frameworks */ = {
			isa = PBXFrameworksBuildPhase;
			buildActionMask = 2147483647;
			files = (
				09AF35421F975D4C00C13D01 /* CloudKit.framework in Frameworks */,
				09FFA5981F42F155001490AF /* ContactsUI.framework in Frameworks */,
				09EFB8C21F3C16A300B87693 /* Contacts.framework in Frameworks */,
			);
			runOnlyForDeploymentPostprocessing = 0;
		};
/* End PBXFrameworksBuildPhase section */

/* Begin PBXGroup section */
		092DF0BF1F4EB80C0003932B /* Navigation */ = {
			isa = PBXGroup;
			children = (
				092DF0B91F4D8C7B0003932B /* UINavigationBarEx.h */,
				092DF0BA1F4D8C7B0003932B /* UINavigationBarEx.m */,
				092DF0BC1F4DCA970003932B /* UINavigationControllerEx.h */,
				092DF0BD1F4DCA970003932B /* UINavigationControllerEx.m */,
			);
			name = Navigation;
			sourceTree = "<group>";
		};
		0931D6691F3316A40087550D = {
			isa = PBXGroup;
			children = (
				0931D6741F3316A40087550D /* Reminder */,
				0931D6731F3316A40087550D /* Products */,
				09B15FDF1F6BCFD200864CC6 /* Frameworks */,
			);
			sourceTree = "<group>";
		};
		0931D6731F3316A40087550D /* Products */ = {
			isa = PBXGroup;
			children = (
				0931D6721F3316A40087550D /* Your Reminder.app */,
			);
			name = Products;
			sourceTree = "<group>";
		};
		0931D6741F3316A40087550D /* Reminder */ = {
			isa = PBXGroup;
			children = (
				09B15FDE1F6BCF4C00864CC6 /* Reminder.entitlements */,
				09C8944D1F36ED1D009CEC57 /* Resource */,
				0931D6781F3316A40087550D /* AppDelegate.h */,
				0931D6791F3316A40087550D /* AppDelegate.m */,
				09FFA5991F44291A001490AF /* AppConst.h */,
				092DF0CB1F57B5AA0003932B /* UITextViewEx.h */,
				092DF0CC1F57B5AA0003932B /* UITextViewEx.m */,
				092DF0C51F56A4020003932B /* EventDetailViewController.h */,
				092DF0C61F56A4020003932B /* EventDetailViewController.m */,
				092DF0CE1F59565C0003932B /* UIDatePickerView.h */,
				092DF0CF1F59565C0003932B /* UIDatePickerView.m */,
				0991A8761F88879900785EFE /* UIBackgroundView.h */,
				0991A8771F88879900785EFE /* UIBackgroundView.m */,
				09EFB8B31F3B525300B87693 /* DataModule */,
				092DF0BF1F4EB80C0003932B /* Navigation */,
				09FFA5911F42DC27001490AF /* Tabbar */,
				09FFA5951F42E669001490AF /* TableView */,
				09EFB8C01F3C16A300B87693 /* Frameworks */,
				0931D6751F3316A40087550D /* Supporting Files */,
			);
			path = Reminder;
			sourceTree = "<group>";
		};
		0931D6751F3316A40087550D /* Supporting Files */ = {
			isa = PBXGroup;
			children = (
				0931D6761F3316A40087550D /* main.m */,
			);
			name = "Supporting Files";
			sourceTree = "<group>";
		};
		09B15FDF1F6BCFD200864CC6 /* Frameworks */ = {
			isa = PBXGroup;
			children = (
				09AF35411F975D4C00C13D01 /* CloudKit.framework */,
				0961130A1F7CDD61001B1409 /* UserNotifications.framework */,
			);
			name = Frameworks;
			sourceTree = "<group>";
		};
		09C8944D1F36ED1D009CEC57 /* Resource */ = {
			isa = PBXGroup;
			children = (
				091129141FB9AA970006CF17 /* Default-568.png */,
				0931D6891F3316A40087550D /* Info.plist */,
				0931D6811F3316A40087550D /* Main.storyboard */,
				0931D6861F3316A40087550D /* LaunchScreen.storyboard */,
				0931D6841F3316A40087550D /* Assets.xcassets */,
				091A70D11F41A9F800A22F8E /* Localizable.strings */,
			);
			name = Resource;
			path = ..;
			sourceTree = "<group>";
		};
		09EFB8B31F3B525300B87693 /* DataModule */ = {
			isa = PBXGroup;
			children = (
				09EFB8B01F3B13E600B87693 /* ReminderData.h */,
				09EFB8B11F3B13E600B87693 /* ReminderData.m */,
				09EFB8B41F3B534500B87693 /* SWCellItem.h */,
				09EFB8B51F3B534500B87693 /* SWCellItem.m */,
				09EFB8B71F3B55AD00B87693 /* SWBirthCellItem.h */,
				09EFB8B81F3B55AD00B87693 /* SWBirthCellItem.m */,
				09EFB8BA1F3B571E00B87693 /* SWEventCellItem.h */,
				09EFB8BB1F3B571E00B87693 /* SWEventCellItem.m */,
				09EFB8BD1F3B579D00B87693 /* SWAnniversaryCellItem.h */,
				09EFB8BE1F3B579D00B87693 /* SWAnniversaryCellItem.m */,
				091A70CA1F40120D00A22F8E /* NSDate+Function.h */,
				091A70CB1F40120D00A22F8E /* NSDate+Function.m */,
			);
			name = DataModule;
			sourceTree = "<group>";
		};
		09EFB8C01F3C16A300B87693 /* Frameworks */ = {
			isa = PBXGroup;
			children = (
				09FFA5971F42F155001490AF /* ContactsUI.framework */,
				09EFB8C11F3C16A300B87693 /* Contacts.framework */,
			);
			name = Frameworks;
			path = ..;
			sourceTree = "<group>";
		};
		09FFA5911F42DC27001490AF /* Tabbar */ = {
			isa = PBXGroup;
			children = (
				09FFA5961F42E682001490AF /* View */,
				0924A4691F347C8A0059CBAB /* UITabBarEx.h */,
				0924A46A1F347C8A0059CBAB /* UITabBarEx.m */,
				0924A46C1F3483DE0059CBAB /* UITabBarItemEx.h */,
				0924A46D1F3483DE0059CBAB /* UITabBarItemEx.m */,
				09C894521F384E43009CEC57 /* UITabBarControllerEx.h */,
				09C894531F384E43009CEC57 /* UITabBarControllerEx.m */,
			);
			name = Tabbar;
			sourceTree = "<group>";
		};
		09FFA5951F42E669001490AF /* TableView */ = {
			isa = PBXGroup;
			children = (
				09EFB8AA1F3B0F6B00B87693 /* UITableViewControllerEx.h */,
				09EFB8AB1F3B0F6B00B87693 /* UITableViewControllerEx.m */,
				09EFB8AD1F3B133900B87693 /* UITableCellView.h */,
				09EFB8AE1F3B133900B87693 /* UITableCellView.m */,
				09FFA59A1F444216001490AF /* UITableViewCellEx.h */,
				09FFA59B1F444216001490AF /* UITableViewCellEx.m */,
			);
			name = TableView;
			sourceTree = "<group>";
		};
		09FFA5961F42E682001490AF /* View */ = {
			isa = PBXGroup;
			children = (
				091A70D71F42244F00A22F8E /* BaseViewController.h */,
				091A70D81F42244F00A22F8E /* BaseViewController.m */,
				09FFA5921F42DF08001490AF /* AllItemViewController.h */,
				09FFA5931F42DF09001490AF /* AllItemViewController.m */,
				0931D67B1F3316A40087550D /* BirthdayViewController.h */,
				0931D67C1F3316A40087550D /* BirthdayViewController.m */,
				0931D67E1F3316A40087550D /* AnniversaryViewController.h */,
				0931D67F1F3316A40087550D /* AnniversaryViewController.m */,
				092DF0C81F56AB7E0003932B /* EventViewController.h */,
				092DF0C91F56AB7E0003932B /* EventViewController.m */,
				0924A46F1F3563970059CBAB /* UITabbarBGView.h */,
				0924A4701F3563970059CBAB /* UITabbarBGView.m */,
			);
			name = View;
			sourceTree = "<group>";
		};
/* End PBXGroup section */

/* Begin PBXNativeTarget section */
		0931D6711F3316A40087550D /* Reminder */ = {
			isa = PBXNativeTarget;
			buildConfigurationList = 0931D68C1F3316A40087550D /* Build configuration list for PBXNativeTarget "Reminder" */;
			buildPhases = (
				0931D66E1F3316A40087550D /* Sources */,
				0931D66F1F3316A40087550D /* Frameworks */,
				0931D6701F3316A40087550D /* Resources */,
			);
			buildRules = (
			);
			dependencies = (
			);
			name = Reminder;
			productName = Reminder;
			productReference = 0931D6721F3316A40087550D /* Your Reminder.app */;
			productType = "com.apple.product-type.application";
		};
/* End PBXNativeTarget section */

/* Begin PBXProject section */
		0931D66A1F3316A40087550D /* Project object */ = {
			isa = PBXProject;
			attributes = {
				LastUpgradeCheck = 0910;
				ORGANIZATIONNAME = Ephnic;
				TargetAttributes = {
					0931D6711F3316A40087550D = {
						CreatedOnToolsVersion = 8.3.3;
						DevelopmentTeam = KYJ4P7KC8Y;
						ProvisioningStyle = Automatic;
						SystemCapabilities = {
							com.apple.Push = {
								enabled = 1;
							};
							com.apple.iCloud = {
								enabled = 1;
							};
						};
					};
				};
			};
			buildConfigurationList = 0931D66D1F3316A40087550D /* Build configuration list for PBXProject "Reminder" */;
			compatibilityVersion = "Xcode 3.2";
			developmentRegion = English;
			hasScannedForEncodings = 0;
			knownRegions = (
				Base,
				"zh-Hans",
			);
			mainGroup = 0931D6691F3316A40087550D;
			productRefGroup = 0931D6731F3316A40087550D /* Products */;
			projectDirPath = "";
			projectRoot = "";
			targets = (
				0931D6711F3316A40087550D /* Reminder */,
			);
		};
/* End PBXProject section */

/* Begin PBXResourcesBuildPhase section */
		0931D6701F3316A40087550D /* Resources */ = {
			isa = PBXResourcesBuildPhase;
			buildActionMask = 2147483647;
			files = (
				091129151FB9AA970006CF17 /* Default-568.png in Resources */,
				091A70CF1F41A9F800A22F8E /* Localizable.strings in Resources */,
				0931D6881F3316A40087550D /* LaunchScreen.storyboard in Resources */,
				0931D6851F3316A40087550D /* Assets.xcassets in Resources */,
				0931D6831F3316A40087550D /* Main.storyboard in Resources */,
			);
			runOnlyForDeploymentPostprocessing = 0;
		};
/* End PBXResourcesBuildPhase section */

/* Begin PBXSourcesBuildPhase section */
		0931D66E1F3316A40087550D /* Sources */ = {
			isa = PBXSourcesBuildPhase;
			buildActionMask = 2147483647;
			files = (
				0991A8781F88879900785EFE /* UIBackgroundView.m in Sources */,
				0924A4711F3563970059CBAB /* UITabbarBGView.m in Sources */,
				09EFB8BC1F3B571E00B87693 /* SWEventCellItem.m in Sources */,
				0931D6801F3316A40087550D /* AnniversaryViewController.m in Sources */,
				09EFB8BF1F3B579D00B87693 /* SWAnniversaryCellItem.m in Sources */,
				092DF0D01F59565C0003932B /* UIDatePickerView.m in Sources */,
				092DF0CD1F57B5AA0003932B /* UITextViewEx.m in Sources */,
				09FFA59C1F444216001490AF /* UITableViewCellEx.m in Sources */,
				09EFB8B21F3B13E600B87693 /* ReminderData.m in Sources */,
				092DF0BE1F4DCA970003932B /* UINavigationControllerEx.m in Sources */,
				0924A46B1F347C8A0059CBAB /* UITabBarEx.m in Sources */,
				092DF0C71F56A4020003932B /* EventDetailViewController.m in Sources */,
				09EFB8AF1F3B133900B87693 /* UITableCellView.m in Sources */,
				091A70D91F42244F00A22F8E /* BaseViewController.m in Sources */,
				0931D67A1F3316A40087550D /* AppDelegate.m in Sources */,
				092DF0BB1F4D8C7B0003932B /* UINavigationBarEx.m in Sources */,
				09FFA5941F42DF09001490AF /* AllItemViewController.m in Sources */,
				092DF0CA1F56AB7E0003932B /* EventViewController.m in Sources */,
				09EFB8AC1F3B0F6B00B87693 /* UITableViewControllerEx.m in Sources */,
				09EFB8B91F3B55AD00B87693 /* SWBirthCellItem.m in Sources */,
				0931D67D1F3316A40087550D /* BirthdayViewController.m in Sources */,
				09EFB8B61F3B534500B87693 /* SWCellItem.m in Sources */,
				091A70CC1F40120D00A22F8E /* NSDate+Function.m in Sources */,
				0931D6771F3316A40087550D /* main.m in Sources */,
				0924A46E1F3483DE0059CBAB /* UITabBarItemEx.m in Sources */,
				09C894541F384E43009CEC57 /* UITabBarControllerEx.m in Sources */,
			);
			runOnlyForDeploymentPostprocessing = 0;
		};
/* End PBXSourcesBuildPhase section */

/* Begin PBXVariantGroup section */
		091A70D11F41A9F800A22F8E /* Localizable.strings */ = {
			isa = PBXVariantGroup;
			children = (
				091A70D01F41A9F800A22F8E /* Base */,
				091A70D61F41AAD100A22F8E /* zh-Hans */,
			);
			name = Localizable.strings;
			sourceTree = "<group>";
		};
		0931D6811F3316A40087550D /* Main.storyboard */ = {
			isa = PBXVariantGroup;
			children = (
				0931D6821F3316A40087550D /* Base */,
				09EFB8A81F3A1CCF00B87693 /* zh-Hans */,
			);
			name = Main.storyboard;
			path = Reminder;
			sourceTree = "<group>";
		};
		0931D6861F3316A40087550D /* LaunchScreen.storyboard */ = {
			isa = PBXVariantGroup;
			children = (
				0931D6871F3316A40087550D /* Base */,
				09EFB8A91F3A1CCF00B87693 /* zh-Hans */,
			);
			name = LaunchScreen.storyboard;
			path = Reminder;
			sourceTree = "<group>";
		};
/* End PBXVariantGroup section */

/* Begin XCBuildConfiguration section */
		0931D68A1F3316A40087550D /* Debug */ = {
			isa = XCBuildConfiguration;
			buildSettings = {
				ALWAYS_SEARCH_USER_PATHS = NO;
				CLANG_ANALYZER_LOCALIZABILITY_NONLOCALIZED = YES;
				CLANG_ANALYZER_NONNULL = YES;
				CLANG_ANALYZER_NUMBER_OBJECT_CONVERSION = YES_AGGRESSIVE;
				CLANG_CXX_LANGUAGE_STANDARD = "gnu++0x";
				CLANG_CXX_LIBRARY = "libc++";
				CLANG_ENABLE_MODULES = YES;
				CLANG_ENABLE_OBJC_ARC = YES;
				CLANG_WARN_BLOCK_CAPTURE_AUTORELEASING = YES;
				CLANG_WARN_BOOL_CONVERSION = YES;
				CLANG_WARN_COMMA = YES;
				CLANG_WARN_CONSTANT_CONVERSION = YES;
				CLANG_WARN_DIRECT_OBJC_ISA_USAGE = YES_ERROR;
				CLANG_WARN_DOCUMENTATION_COMMENTS = YES;
				CLANG_WARN_EMPTY_BODY = YES;
				CLANG_WARN_ENUM_CONVERSION = YES;
				CLANG_WARN_INFINITE_RECURSION = YES;
				CLANG_WARN_INT_CONVERSION = YES;
				CLANG_WARN_NON_LITERAL_NULL_CONVERSION = YES;
				CLANG_WARN_OBJC_LITERAL_CONVERSION = YES;
				CLANG_WARN_OBJC_ROOT_CLASS = YES_ERROR;
				CLANG_WARN_RANGE_LOOP_ANALYSIS = YES;
				CLANG_WARN_STRICT_PROTOTYPES = YES;
				CLANG_WARN_SUSPICIOUS_MOVE = YES;
				CLANG_WARN_UNREACHABLE_CODE = YES;
				CLANG_WARN__DUPLICATE_METHOD_MATCH = YES;
				"CODE_SIGN_IDENTITY[sdk=iphoneos*]" = "iPhone Developer";
				COPY_PHASE_STRIP = NO;
				DEBUG_INFORMATION_FORMAT = dwarf;
				ENABLE_STRICT_OBJC_MSGSEND = YES;
				ENABLE_TESTABILITY = YES;
				GCC_C_LANGUAGE_STANDARD = gnu99;
				GCC_DYNAMIC_NO_PIC = NO;
				GCC_NO_COMMON_BLOCKS = YES;
				GCC_OPTIMIZATION_LEVEL = 0;
				GCC_PREPROCESSOR_DEFINITIONS = (
					"DEBUG=1",
					"$(inherited)",
				);
				GCC_WARN_64_TO_32_BIT_CONVERSION = YES;
				GCC_WARN_ABOUT_RETURN_TYPE = YES_ERROR;
				GCC_WARN_UNDECLARED_SELECTOR = YES;
				GCC_WARN_UNINITIALIZED_AUTOS = YES_AGGRESSIVE;
				GCC_WARN_UNUSED_FUNCTION = YES;
				GCC_WARN_UNUSED_VARIABLE = YES;
				IPHONEOS_DEPLOYMENT_TARGET = 10.3;
				MTL_ENABLE_DEBUG_INFO = YES;
				ONLY_ACTIVE_ARCH = YES;
				SDKROOT = iphoneos;
				TARGETED_DEVICE_FAMILY = "1,2";
			};
			name = Debug;
		};
		0931D68B1F3316A40087550D /* Release */ = {
			isa = XCBuildConfiguration;
			buildSettings = {
				ALWAYS_SEARCH_USER_PATHS = NO;
				CLANG_ANALYZER_LOCALIZABILITY_NONLOCALIZED = YES;
				CLANG_ANALYZER_NONNULL = YES;
				CLANG_ANALYZER_NUMBER_OBJECT_CONVERSION = YES_AGGRESSIVE;
				CLANG_CXX_LANGUAGE_STANDARD = "gnu++0x";
				CLANG_CXX_LIBRARY = "libc++";
				CLANG_ENABLE_MODULES = YES;
				CLANG_ENABLE_OBJC_ARC = YES;
				CLANG_WARN_BLOCK_CAPTURE_AUTORELEASING = YES;
				CLANG_WARN_BOOL_CONVERSION = YES;
				CLANG_WARN_COMMA = YES;
				CLANG_WARN_CONSTANT_CONVERSION = YES;
				CLANG_WARN_DIRECT_OBJC_ISA_USAGE = YES_ERROR;
				CLANG_WARN_DOCUMENTATION_COMMENTS = YES;
				CLANG_WARN_EMPTY_BODY = YES;
				CLANG_WARN_ENUM_CONVERSION = YES;
				CLANG_WARN_INFINITE_RECURSION = YES;
				CLANG_WARN_INT_CONVERSION = YES;
				CLANG_WARN_NON_LITERAL_NULL_CONVERSION = YES;
				CLANG_WARN_OBJC_LITERAL_CONVERSION = YES;
				CLANG_WARN_OBJC_ROOT_CLASS = YES_ERROR;
				CLANG_WARN_RANGE_LOOP_ANALYSIS = YES;
				CLANG_WARN_STRICT_PROTOTYPES = YES;
				CLANG_WARN_SUSPICIOUS_MOVE = YES;
				CLANG_WARN_UNREACHABLE_CODE = YES;
				CLANG_WARN__DUPLICATE_METHOD_MATCH = YES;
				"CODE_SIGN_IDENTITY[sdk=iphoneos*]" = "iPhone Developer";
				COPY_PHASE_STRIP = NO;
				DEBUG_INFORMATION_FORMAT = "dwarf-with-dsym";
				ENABLE_NS_ASSERTIONS = NO;
				ENABLE_STRICT_OBJC_MSGSEND = YES;
				GCC_C_LANGUAGE_STANDARD = gnu99;
				GCC_NO_COMMON_BLOCKS = YES;
				GCC_WARN_64_TO_32_BIT_CONVERSION = YES;
				GCC_WARN_ABOUT_RETURN_TYPE = YES_ERROR;
				GCC_WARN_UNDECLARED_SELECTOR = YES;
				GCC_WARN_UNINITIALIZED_AUTOS = YES_AGGRESSIVE;
				GCC_WARN_UNUSED_FUNCTION = YES;
				GCC_WARN_UNUSED_VARIABLE = YES;
				IPHONEOS_DEPLOYMENT_TARGET = 10.3;
				MTL_ENABLE_DEBUG_INFO = NO;
				SDKROOT = iphoneos;
				TARGETED_DEVICE_FAMILY = "1,2";
				VALIDATE_PRODUCT = YES;
			};
			name = Release;
		};
		0931D68D1F3316A40087550D /* Debug */ = {
			isa = XCBuildConfiguration;
			buildSettings = {
				ASSETCATALOG_COMPILER_APPICON_NAME = AppIcon;
				ASSETCATALOG_COMPILER_LAUNCHIMAGE_NAME = LaunchImage;
				CODE_SIGN_ENTITLEMENTS = Reminder/Reminder.entitlements;
				CODE_SIGN_IDENTITY = "iPhone Developer";
				"CODE_SIGN_IDENTITY[sdk=iphoneos*]" = "iPhone Developer";
				DEVELOPMENT_TEAM = KYJ4P7KC8Y;
				INFOPLIST_FILE = Reminder/Info.plist;
				IPHONEOS_DEPLOYMENT_TARGET = 9.0;
				LD_RUNPATH_SEARCH_PATHS = "$(inherited) @executable_path/Frameworks";
				PRODUCT_BUNDLE_IDENTIFIER = com.mazylab.ureminder;
				PRODUCT_NAME = "Your Reminder";
				PROVISIONING_PROFILE = "";
				TARGETED_DEVICE_FAMILY = 1;
			};
			name = Debug;
		};
		0931D68E1F3316A40087550D /* Release */ = {
			isa = XCBuildConfiguration;
			buildSettings = {
				ASSETCATALOG_COMPILER_APPICON_NAME = AppIcon;
				ASSETCATALOG_COMPILER_LAUNCHIMAGE_NAME = LaunchImage;
				CODE_SIGN_ENTITLEMENTS = Reminder/Reminder.entitlements;
				CODE_SIGN_IDENTITY = "iPhone Developer";
				"CODE_SIGN_IDENTITY[sdk=iphoneos*]" = "iPhone Developer";
				DEVELOPMENT_TEAM = KYJ4P7KC8Y;
				INFOPLIST_FILE = Reminder/Info.plist;
				IPHONEOS_DEPLOYMENT_TARGET = 9.0;
				LD_RUNPATH_SEARCH_PATHS = "$(inherited) @executable_path/Frameworks";
				PRODUCT_BUNDLE_IDENTIFIER = com.mazylab.ureminder;
				PRODUCT_NAME = "Your Reminder";
				PROVISIONING_PROFILE = "";
				TARGETED_DEVICE_FAMILY = 1;
			};
			name = Release;
		};
/* End XCBuildConfiguration section */

/* Begin XCConfigurationList section */
		0931D66D1F3316A40087550D /* Build configuration list for PBXProject "Reminder" */ = {
			isa = XCConfigurationList;
			buildConfigurations = (
				0931D68A1F3316A40087550D /* Debug */,
				0931D68B1F3316A40087550D /* Release */,
			);
			defaultConfigurationIsVisible = 0;
			defaultConfigurationName = Release;
		};
		0931D68C1F3316A40087550D /* Build configuration list for PBXNativeTarget "Reminder" */ = {
			isa = XCConfigurationList;
			buildConfigurations = (
				0931D68D1F3316A40087550D /* Debug */,
				0931D68E1F3316A40087550D /* Release */,
			);
			defaultConfigurationIsVisible = 0;
			defaultConfigurationName = Release;
		};
/* End XCConfigurationList section */
	};
	rootObject = 0931D66A1F3316A40087550D /* Project object */;
}
